
Microsoft Visual Studio Solution File, Format Version 12.00
# Visual Studio Version 17
VisualStudioVersion = 17.5.33424.131
MinimumVisualStudioVersion = 10.0.40219.1
Project("{8BC9CEB8-8B4A-11D0-8D11-00A0C91BC942}") = "qwfs_android", "sources\android\qwfs_android.vcxproj", "{659B1E50-C02E-4E0F-9D63-F433386878D7}"
EndProject
Project("{8BC9CEB8-8B4A-11D0-8D11-00A0C91BC942}") = "qwfs_windows", "sources\windows\qwfs_windows.vcxproj", "{A712B18E-EC71-4EE5-89D9-75E7CEE079EA}"
EndProject
Project("{8BC9CEB8-8B4A-11D0-8D11-00A0C91BC942}") = "qwfs_sample", "sources\sample\qwfs_sample.vcxproj", "{6D5BA41B-0A51-45E5-84B3-A52430611AC5}"
EndProject
Project("{8BC9CEB8-8B4A-11D0-8D11-00A0C91BC942}") = "qwfs_shared", "sources\shared\qwfs_shared.vcxitems", "{72675371-D0AA-42C0-A46D-1A526580943B}"
EndProject
Global
	GlobalSection(SolutionConfigurationPlatforms) = preSolution
		Debug|ARM64 = Debug|ARM64
		Debug|x64 = Debug|x64
		Release|ARM64 = Release|ARM64
		Release|x64 = Release|x64
	EndGlobalSection
	GlobalSection(ProjectConfigurationPlatforms) = postSolution
		{659B1E50-C02E-4E0F-9D63-F433386878D7}.Debug|ARM64.ActiveCfg = Debug|ARM64
		{659B1E50-C02E-4E0F-9D63-F433386878D7}.Debug|ARM64.Build.0 = Debug|ARM64
		{659B1E50-C02E-4E0F-9D63-F433386878D7}.Debug|x64.ActiveCfg = Debug|x64
		{659B1E50-C02E-4E0F-9D63-F433386878D7}.Release|ARM64.ActiveCfg = Release|ARM64
		{659B1E50-C02E-4E0F-9D63-F433386878D7}.Release|ARM64.Build.0 = Release|ARM64
		{659B1E50-C02E-4E0F-9D63-F433386878D7}.Release|x64.ActiveCfg = Release|x64
		{A712B18E-EC71-4EE5-89D9-75E7CEE079EA}.Debug|ARM64.ActiveCfg = Debug|x64
		{A712B18E-EC71-4EE5-89D9-75E7CEE079EA}.Debug|x64.ActiveCfg = Debug|x64
		{A712B18E-EC71-4EE5-89D9-75E7CEE079EA}.Debug|x64.Build.0 = Debug|x64
		{A712B18E-EC71-4EE5-89D9-75E7CEE079EA}.Release|ARM64.ActiveCfg = Release|x64
		{A712B18E-EC71-4EE5-89D9-75E7CEE079EA}.Release|x64.ActiveCfg = Release|x64
		{A712B18E-EC71-4EE5-89D9-75E7CEE079EA}.Release|x64.Build.0 = Release|x64
		{6D5BA41B-0A51-45E5-84B3-A52430611AC5}.Debug|ARM64.ActiveCfg = Debug|x64
		{6D5BA41B-0A51-45E5-84B3-A52430611AC5}.Debug|x64.ActiveCfg = Debug|x64
		{6D5BA41B-0A51-45E5-84B3-A52430611AC5}.Debug|x64.Build.0 = Debug|x64
		{6D5BA41B-0A51-45E5-84B3-A52430611AC5}.Release|ARM64.ActiveCfg = Release|x64
		{6D5BA41B-0A51-45E5-84B3-A52430611AC5}.Release|x64.ActiveCfg = Release|x64
		{6D5BA41B-0A51-45E5-84B3-A52430611AC5}.Release|x64.Build.0 = Release|x64
	EndGlobalSection
	GlobalSection(SolutionProperties) = preSolution
		HideSolutionNode = FALSE
	EndGlobalSection
	GlobalSection(ExtensibilityGlobals) = postSolution
		SolutionGuid = {E5C6E735-CE75-4289-A577-FD14E5EBAAC1}
	EndGlobalSection
	GlobalSection(SharedMSBuildProjectFiles) = preSolution
		sources\shared\qwfs_shared.vcxitems*{659b1e50-c02e-4e0f-9d63-f433386878d7}*SharedItemsImports = 4
		sources\shared\qwfs_shared.vcxitems*{72675371-d0aa-42c0-a46d-1a526580943b}*SharedItemsImports = 9
		sources\shared\qwfs_shared.vcxitems*{a712b18e-ec71-4ee5-89d9-75e7cee079ea}*SharedItemsImports = 4
	EndGlobalSection
EndGlobal
